
Microsoft Visual Studio Solution File, Format Version 12.00
# Visual Studio 15
VisualStudioVersion = 15.0.26430.13
MinimumVisualStudioVersion = 10.0.40219.1
Project("{8BC9CEB8-8B4A-11D0-8D11-00A0C91BC942}") = "noah_ark_tester", "noah_ark\tester\noah_ark_tester.vcxproj", "{4459616F-64F9-47ED-BD17-C365536B66D4}"
	ProjectSection(ProjectDependencies) = postProject
		{0D615E35-8F41-44B6-BE1B-FED957017972} = {0D615E35-8F41-44B6-BE1B-FED957017972}
		{BF7F7657-F3A8-4F1C-949C-B3DEF3940C4A} = {BF7F7657-F3A8-4F1C-949C-B3DEF3940C4A}
		{D49E3A88-DC57-4AAB-8C6C-FA5479E40032} = {D49E3A88-DC57-4AAB-8C6C-FA5479E40032}
	EndProjectSection
EndProject
Project("{8BC9CEB8-8B4A-11D0-8D11-00A0C91BC942}") = "noah_ark_library", "noah_ark\library\noak_ark_library.vcxproj", "{0D615E35-8F41-44B6-BE1B-FED957017972}"
EndProject
Project("{8BC9CEB8-8B4A-11D0-8D11-00A0C91BC942}") = "noah_ark_game", "noah_ark\game\noah_ark_game.vcxproj", "{0021B634-865C-4E17-9D99-6B13900EDA2E}"
	ProjectSection(ProjectDependencies) = postProject
		{0D615E35-8F41-44B6-BE1B-FED957017972} = {0D615E35-8F41-44B6-BE1B-FED957017972}
		{BF7F7657-F3A8-4F1C-949C-B3DEF3940C4A} = {BF7F7657-F3A8-4F1C-949C-B3DEF3940C4A}
		{D49E3A88-DC57-4AAB-8C6C-FA5479E40032} = {D49E3A88-DC57-4AAB-8C6C-FA5479E40032}
	EndProjectSection
EndProject
Project("{8BC9CEB8-8B4A-11D0-8D11-00A0C91BC942}") = "noak_ark_resources", "noah_ark\resources\noak_ark_resources.vcxproj", "{D49E3A88-DC57-4AAB-8C6C-FA5479E40032}"
EndProject
Project("{8BC9CEB8-8B4A-11D0-8D11-00A0C91BC942}") = "noah_ark_documentation", "noah_ark\documentation\noah_ark_documentation.vcxproj", "{1EBB39FA-B36B-403F-9C32-ACC97EF89098}"
EndProject
Project("{8BC9CEB8-8B4A-11D0-8D11-00A0C91BC942}") = "noah_ark_asset_packer", "noah_ark\asset_packer\noah_ark_asset_packer.vcxproj", "{BF7F7657-F3A8-4F1C-949C-B3DEF3940C4A}"
	ProjectSection(ProjectDependencies) = postProject
		{0D615E35-8F41-44B6-BE1B-FED957017972} = {0D615E35-8F41-44B6-BE1B-FED957017972}
		{D49E3A88-DC57-4AAB-8C6C-FA5479E40032} = {D49E3A88-DC57-4AAB-8C6C-FA5479E40032}
	EndProjectSection
EndProject
Global
	GlobalSection(SolutionConfigurationPlatforms) = preSolution
		Debug|x64 = Debug|x64
		Debug|x86 = Debug|x86
		Release|x64 = Release|x64
		Release|x86 = Release|x86
	EndGlobalSection
	GlobalSection(ProjectConfigurationPlatforms) = postSolution
		{4459616F-64F9-47ED-BD17-C365536B66D4}.Debug|x64.ActiveCfg = Debug|x64
		{4459616F-64F9-47ED-BD17-C365536B66D4}.Debug|x64.Build.0 = Debug|x64
		{4459616F-64F9-47ED-BD17-C365536B66D4}.Debug|x86.ActiveCfg = Debug|Win32
		{4459616F-64F9-47ED-BD17-C365536B66D4}.Debug|x86.Build.0 = Debug|Win32
		{4459616F-64F9-47ED-BD17-C365536B66D4}.Release|x64.ActiveCfg = Release|x64
		{4459616F-64F9-47ED-BD17-C365536B66D4}.Release|x64.Build.0 = Release|x64
		{4459616F-64F9-47ED-BD17-C365536B66D4}.Release|x86.ActiveCfg = Release|Win32
		{4459616F-64F9-47ED-BD17-C365536B66D4}.Release|x86.Build.0 = Release|Win32
		{0D615E35-8F41-44B6-BE1B-FED957017972}.Debug|x64.ActiveCfg = Debug|x64
		{0D615E35-8F41-44B6-BE1B-FED957017972}.Debug|x64.Build.0 = Debug|x64
		{0D615E35-8F41-44B6-BE1B-FED957017972}.Debug|x86.ActiveCfg = Debug|Win32
		{0D615E35-8F41-44B6-BE1B-FED957017972}.Debug|x86.Build.0 = Debug|Win32
		{0D615E35-8F41-44B6-BE1B-FED957017972}.Release|x64.ActiveCfg = Release|x64
		{0D615E35-8F41-44B6-BE1B-FED957017972}.Release|x64.Build.0 = Release|x64
		{0D615E35-8F41-44B6-BE1B-FED957017972}.Release|x86.ActiveCfg = Release|Win32
		{0D615E35-8F41-44B6-BE1B-FED957017972}.Release|x86.Build.0 = Release|Win32
		{0021B634-865C-4E17-9D99-6B13900EDA2E}.Debug|x64.ActiveCfg = Debug|x64
		{0021B634-865C-4E17-9D99-6B13900EDA2E}.Debug|x64.Build.0 = Debug|x64
		{0021B634-865C-4E17-9D99-6B13900EDA2E}.Debug|x86.ActiveCfg = Debug|Win32
		{0021B634-865C-4E17-9D99-6B13900EDA2E}.Debug|x86.Build.0 = Debug|Win32
		{0021B634-865C-4E17-9D99-6B13900EDA2E}.Release|x64.ActiveCfg = Release|x64
		{0021B634-865C-4E17-9D99-6B13900EDA2E}.Release|x64.Build.0 = Release|x64
		{0021B634-865C-4E17-9D99-6B13900EDA2E}.Release|x86.ActiveCfg = Release|Win32
		{0021B634-865C-4E17-9D99-6B13900EDA2E}.Release|x86.Build.0 = Release|Win32
		{D49E3A88-DC57-4AAB-8C6C-FA5479E40032}.Debug|x64.ActiveCfg = Debug|x64
		{D49E3A88-DC57-4AAB-8C6C-FA5479E40032}.Debug|x64.Build.0 = Debug|x64
		{D49E3A88-DC57-4AAB-8C6C-FA5479E40032}.Debug|x86.ActiveCfg = Debug|Win32
		{D49E3A88-DC57-4AAB-8C6C-FA5479E40032}.Debug|x86.Build.0 = Debug|Win32
		{D49E3A88-DC57-4AAB-8C6C-FA5479E40032}.Release|x64.ActiveCfg = Release|x64
		{D49E3A88-DC57-4AAB-8C6C-FA5479E40032}.Release|x64.Build.0 = Release|x64
		{D49E3A88-DC57-4AAB-8C6C-FA5479E40032}.Release|x86.ActiveCfg = Release|Win32
		{D49E3A88-DC57-4AAB-8C6C-FA5479E40032}.Release|x86.Build.0 = Release|Win32
		{1EBB39FA-B36B-403F-9C32-ACC97EF89098}.Debug|x64.ActiveCfg = Debug|x64
		{1EBB39FA-B36B-403F-9C32-ACC97EF89098}.Debug|x64.Build.0 = Debug|x64
		{1EBB39FA-B36B-403F-9C32-ACC97EF89098}.Debug|x86.ActiveCfg = Debug|Win32
		{1EBB39FA-B36B-403F-9C32-ACC97EF89098}.Debug|x86.Build.0 = Debug|Win32
		{1EBB39FA-B36B-403F-9C32-ACC97EF89098}.Release|x64.ActiveCfg = Release|x64
		{1EBB39FA-B36B-403F-9C32-ACC97EF89098}.Release|x64.Build.0 = Release|x64
		{1EBB39FA-B36B-403F-9C32-ACC97EF89098}.Release|x86.ActiveCfg = Release|Win32
		{1EBB39FA-B36B-403F-9C32-ACC97EF89098}.Release|x86.Build.0 = Release|Win32
		{BF7F7657-F3A8-4F1C-949C-B3DEF3940C4A}.Debug|x64.ActiveCfg = Debug|x64
		{BF7F7657-F3A8-4F1C-949C-B3DEF3940C4A}.Debug|x64.Build.0 = Debug|x64
		{BF7F7657-F3A8-4F1C-949C-B3DEF3940C4A}.Debug|x86.ActiveCfg = Debug|Win32
		{BF7F7657-F3A8-4F1C-949C-B3DEF3940C4A}.Debug|x86.Build.0 = Debug|Win32
		{BF7F7657-F3A8-4F1C-949C-B3DEF3940C4A}.Release|x64.ActiveCfg = Release|x64
		{BF7F7657-F3A8-4F1C-949C-B3DEF3940C4A}.Release|x64.Build.0 = Release|x64
		{BF7F7657-F3A8-4F1C-949C-B3DEF3940C4A}.Release|x86.ActiveCfg = Release|Win32
		{BF7F7657-F3A8-4F1C-949C-B3DEF3940C4A}.Release|x86.Build.0 = Release|Win32
	EndGlobalSection
	GlobalSection(SolutionProperties) = preSolution
		HideSolutionNode = FALSE
	EndGlobalSection
	GlobalSection(ExtensibilityGlobals) = postSolution
		SolutionGuid = {3F1C7190-365A-468C-83EE-5549F2AF13F1}
	EndGlobalSection
EndGlobal
