<?xml version="1.0" encoding="utf-8"?>
<Project ToolsVersion="4.0" xmlns="http://schemas.microsoft.com/developer/msbuild/2003">
  <ItemGroup>
    <Filter Include="AdditionalPages">
      <UniqueIdentifier>{84f21a8d-0969-4ec4-a8aa-c39557af2901}</UniqueIdentifier>
    </Filter>
    <Filter Include="Images">
      <UniqueIdentifier>{3f1a9f40-82e6-4b02-abcf-7ec33f1ad4d4}</UniqueIdentifier>
    </Filter>
    <Filter Include="Images\AxeSwing">
      <UniqueIdentifier>{6a3c42ba-e87b-4088-be00-335496b68f32}</UniqueIdentifier>
    </Filter>
  </ItemGroup>
  <ItemGroup>
    <None Include="CodingStandards.md" />
    <None Include="noah_ark.dxy" />
  </ItemGroup>
  <ItemGroup>
    <Text Include="additional_pages\Animals.txt">
      <Filter>AdditionalPages</Filter>
    </Text>
    <Text Include="additional_pages\Collisions.txt">
      <Filter>AdditionalPages</Filter>
    </Text>
    <Text Include="additional_pages\Overview.txt">
      <Filter>AdditionalPages</Filter>
    </Text>
    <Text Include="additional_pages\Trees.txt">
      <Filter>AdditionalPages</Filter>
    </Text>
  </ItemGroup>
  <ItemGroup>
    <Image Include="images\axe_swing\axe_swing1.jpg">
      <Filter>Images\AxeSwing</Filter>
    </Image>
    <Image Include="images\axe_swing\axe_swing2.jpg">
      <Filter>Images\AxeSwing</Filter>
    </Image>
    <Image Include="images\axe_swing\axe_swing3.jpg">
      <Filter>Images\AxeSwing</Filter>
    </Image>
    <Image Include="images\axe_swing\axe_swing4.jpg">
      <Filter>Images\AxeSwing</Filter>
    </Image>
    <Image Include="images\axe_swing\axe_swing6.jpg">
      <Filter>Images\AxeSwing</Filter>
    </Image>
    <Image Include="images\axe_swing\axe_swing7.jpg">
      <Filter>Images\AxeSwing</Filter>
    </Image>
  </ItemGroup>
</Project>