<?xml version="1.0" encoding="utf-8"?>
<Project ToolsVersion="4.0" xmlns="http://schemas.microsoft.com/developer/msbuild/2003">
  <ItemGroup>
    <Filter Include="Resources">
      <UniqueIdentifier>{b0884ef9-b16a-4cfa-bccc-958d4e3cf8c2}</UniqueIdentifier>
    </Filter>
    <Filter Include="Resources\Images">
      <UniqueIdentifier>{aceb26e1-88c8-4374-a9b9-43f83ccc9d8f}</UniqueIdentifier>
    </Filter>
    <Filter Include="Resources\Sounds">
      <UniqueIdentifier>{f7a60b5f-8488-402a-a070-cb656aec4b8f}</UniqueIdentifier>
    </Filter>
  </ItemGroup>
  <ItemGroup>
    <None Include="res\images\noah_sprite1.png">
      <Filter>Resources\Images</Filter>
    </None>
    <None Include="res\images\tree_sprite1.png">
      <Filter>Resources\Images</Filter>
    </None>
  </ItemGroup>
  <ItemGroup>
    <Image Include="res\images\main_font1.png">
      <Filter>Resources\Images</Filter>
    </Image>
    <Image Include="res\images\ark_tile_set.png">
      <Filter>Resources\Images</Filter>
    </Image>
    <Image Include="res\images\animal_sprites.png">
      <Filter>Resources\Images</Filter>
    </Image>
    <Image Include="res\images\food_sprites.png">
      <Filter>Resources\Images</Filter>
    </Image>
    <Image Include="res\images\main_tile_set.png">
      <Filter>Resources\Images</Filter>
    </Image>
  </ItemGroup>
  <ItemGroup>
    <Media Include="res\sounds\axe_tree_hit1.wav">
      <Filter>Resources\Sounds</Filter>
    </Media>
    <Media Include="res\sounds\collect_bible_verse1.wav">
      <Filter>Resources\Sounds</Filter>
    </Media>
    <Media Include="res\sounds\tree_shake3.wav">
      <Filter>Resources\Sounds</Filter>
    </Media>
    <Media Include="res\sounds\overworld_music.wav">
      <Filter>Resources\Sounds</Filter>
    </Media>
    <Media Include="res\sounds\ark_build_sound1.wav">
      <Filter>Resources\Sounds</Filter>
    </Media>
    <Media Include="res\sounds\dove-Mike_Koenig-1208819046.wav">
      <Filter>Resources\Sounds</Filter>
    </Media>
    <Media Include="res\sounds\FrogCroaking-SoundBible.com-1053984354.wav">
      <Filter>Resources\Sounds</Filter>
    </Media>
    <Media Include="res\sounds\Grasshopper-SoundBible.com-1592176719.wav">
      <Filter>Resources\Sounds</Filter>
    </Media>
    <Media Include="res\sounds\Raven-SoundBible.com-1790882934.wav">
      <Filter>Resources\Sounds</Filter>
    </Media>
    <Media Include="res\sounds\SheepBleating-SoundBible.com-1373580685.wav">
      <Filter>Resources\Sounds</Filter>
    </Media>
    <Media Include="res\sounds\SingleCow-SoundBible.com-2051754137.wav">
      <Filter>Resources\Sounds</Filter>
    </Media>
    <Media Include="res\sounds\camel5.wav">
      <Filter>Resources\Sounds</Filter>
    </Media>
    <Media Include="res\sounds\food_pickup_sound.wav">
      <Filter>Resources\Sounds</Filter>
    </Media>
    <Media Include="res\sounds\NoahsArkIntro1_80PercentSpeedWithFadeOut.wav">
      <Filter>Resources\Sounds</Filter>
    </Media>
    <Media Include="res\sounds\PigOink-SoundBible.com-1424738584.wav">
      <Filter>Resources\Sounds</Filter>
    </Media>
    <Media Include="res\sounds\BatsVocalizing-SoundBible.com-1162895834.wav">
      <Filter>Resources\Sounds</Filter>
    </Media>
    <Media Include="res\sounds\GoatBah-SoundBible.com-959734934.wav">
      <Filter>Resources\Sounds</Filter>
    </Media>
    <Media Include="res\sounds\Elk-SoundBible.com-734134354.wav">
      <Filter>Resources\Sounds</Filter>
    </Media>
    <Media Include="res\sounds\BaldEagle-SoundBible.com-2025808531.wav">
      <Filter>Resources\Sounds</Filter>
    </Media>
    <Media Include="res\sounds\hawk_screeching-Mike_Koenig-1626170357.wav">
      <Filter>Resources\Sounds</Filter>
    </Media>
    <Media Include="res\sounds\OspreyBirdCall-SoundBible.com-525395846.wav">
      <Filter>Resources\Sounds</Filter>
    </Media>
    <Media Include="res\sounds\horned_owl-Mike_Koenig-1945374932.wav">
      <Filter>Resources\Sounds</Filter>
    </Media>
    <Media Include="res\sounds\PelicanChick-SoundBible.com-549990839.wav">
      <Filter>Resources\Sounds</Filter>
    </Media>
    <Media Include="res\sounds\AngryChipmunk-SoundBible.com-980210050.wav">
      <Filter>Resources\Sounds</Filter>
    </Media>
    <Media Include="res\sounds\Ape-SoundBible.com-1651128585.wav">
      <Filter>Resources\Sounds</Filter>
    </Media>
    <Media Include="res\sounds\baboon2.wav">
      <Filter>Resources\Sounds</Filter>
    </Media>
    <Media Include="res\sounds\baligator5.wav">
      <Filter>Resources\Sounds</Filter>
    </Media>
    <Media Include="res\sounds\bear_polar.wav">
      <Filter>Resources\Sounds</Filter>
    </Media>
    <Media Include="res\sounds\Bear-SoundBible.com-866204188.wav">
      <Filter>Resources\Sounds</Filter>
    </Media>
    <Media Include="res\sounds\Bee-SoundBible.com-914644763.wav">
      <Filter>Resources\Sounds</Filter>
    </Media>
    <Media Include="res\sounds\BOB-CAT.wav">
      <Filter>Resources\Sounds</Filter>
    </Media>
    <Media Include="res\sounds\Butterfly-SoundBible.com-1530156556.wav">
      <Filter>Resources\Sounds</Filter>
    </Media>
    <Media Include="res\sounds\CatMeow-SoundBible.com-1453940411.wav">
      <Filter>Resources\Sounds</Filter>
    </Media>
    <Media Include="res\sounds\Cheetah5.wav">
      <Filter>Resources\Sounds</Filter>
    </Media>
    <Media Include="res\sounds\Chicken-SoundBible.com-744739895.wav">
      <Filter>Resources\Sounds</Filter>
    </Media>
    <Media Include="res\sounds\doberman-pincher_daniel-simion.wav">
      <Filter>Resources\Sounds</Filter>
    </Media>
    <Media Include="res\sounds\gibbon-monkey-daniel_simon.wav">
      <Filter>Resources\Sounds</Filter>
    </Media>
    <Media Include="res\sounds\greyfox-vs-coon.wav">
      <Filter>Resources\Sounds</Filter>
    </Media>
    <Media Include="res\sounds\GrowlingLion-SoundBible.com-495747737.wav">
      <Filter>Resources\Sounds</Filter>
    </Media>
    <Media Include="res\sounds\hippo2.wav">
      <Filter>Resources\Sounds</Filter>
    </Media>
    <Media Include="res\sounds\HorseNeigh-SoundBible.com-1740540960.wav">
      <Filter>Resources\Sounds</Filter>
    </Media>
    <Media Include="res\sounds\koala1.wav">
      <Filter>Resources\Sounds</Filter>
    </Media>
    <Media Include="res\sounds\leopard3.wav">
      <Filter>Resources\Sounds</Filter>
    </Media>
    <Media Include="res\sounds\PeacockBird-SoundBible.com-98379922.wav">
      <Filter>Resources\Sounds</Filter>
    </Media>
    <Media Include="res\sounds\Raccoon-J_Dawg-688727657.wav">
      <Filter>Resources\Sounds</Filter>
    </Media>
    <Media Include="res\sounds\Turkey_Call_2-JimBob-26023545.wav">
      <Filter>Resources\Sounds</Filter>
    </Media>
  </ItemGroup>
</Project>