<?xml version="1.0" encoding="utf-8"?>
<Project ToolsVersion="4.0" xmlns="http://schemas.microsoft.com/developer/msbuild/2003">
  <ItemGroup>
    <Filter Include="Resources">
      <UniqueIdentifier>{b0884ef9-b16a-4cfa-bccc-958d4e3cf8c2}</UniqueIdentifier>
    </Filter>
    <Filter Include="Resources\Images">
      <UniqueIdentifier>{aceb26e1-88c8-4374-a9b9-43f83ccc9d8f}</UniqueIdentifier>
    </Filter>
    <Filter Include="Resources\Sounds">
      <UniqueIdentifier>{f7a60b5f-8488-402a-a070-cb656aec4b8f}</UniqueIdentifier>
    </Filter>
  </ItemGroup>
  <ItemGroup>
    <None Include="res\images\noah_sprite1.png">
      <Filter>Resources\Images</Filter>
    </None>
    <None Include="res\images\tree_sprite1.png">
      <Filter>Resources\Images</Filter>
    </None>
  </ItemGroup>
  <ItemGroup>
    <Image Include="res\images\ground_tile_set.png">
      <Filter>Resources\Images</Filter>
    </Image>
    <Image Include="res\images\main_font1.png">
      <Filter>Resources\Images</Filter>
    </Image>
    <Image Include="res\images\ark_tile_set.png">
      <Filter>Resources\Images</Filter>
    </Image>
    <Image Include="res\images\animal_sprites.png">
      <Filter>Resources\Images</Filter>
    </Image>
  </ItemGroup>
  <ItemGroup>
    <Media Include="res\sounds\axe_tree_hit1.wav">
      <Filter>Resources\Sounds</Filter>
    </Media>
    <Media Include="res\sounds\collect_bible_verse1.wav">
      <Filter>Resources\Sounds</Filter>
    </Media>
    <Media Include="res\sounds\tree_shake3.wav">
      <Filter>Resources\Sounds</Filter>
    </Media>
    <Media Include="res\sounds\overworld_music.wav">
      <Filter>Resources\Sounds</Filter>
    </Media>
    <Media Include="res\sounds\ark_build_sound1.wav">
      <Filter>Resources\Sounds</Filter>
    </Media>
  </ItemGroup>
</Project>