<?xml version="1.0" encoding="utf-8"?>
<Project ToolsVersion="4.0" xmlns="http://schemas.microsoft.com/developer/msbuild/2003">
  <ItemGroup>
    <Filter Include="Source Files">
      <UniqueIdentifier>{4FC737F1-C7A5-4376-A066-2A32D752A2FF}</UniqueIdentifier>
      <Extensions>cpp;c;cc;cxx;def;odl;idl;hpj;bat;asm;asmx</Extensions>
    </Filter>
    <Filter Include="Header Files">
      <UniqueIdentifier>{93995380-89BD-4b04-88EB-625FBE52EBFB}</UniqueIdentifier>
      <Extensions>h;hpp;hxx;hm;inl;inc;xsd</Extensions>
    </Filter>
    <Filter Include="Resource Files">
      <UniqueIdentifier>{67DA6AB6-F800-4c08-8B7A-83BB121AAD01}</UniqueIdentifier>
      <Extensions>rc;ico;cur;bmp;dlg;rc2;rct;bin;rgs;gif;jpg;jpeg;jpe;resx;tiff;tif;png;wav;mfcribbon-ms</Extensions>
    </Filter>
    <Filter Include="Header Files\StatesTests">
      <UniqueIdentifier>{33df51f5-532a-4db7-b2fe-d4d3cc0e5bc6}</UniqueIdentifier>
    </Filter>
    <Filter Include="Header Files\MapsTests">
      <UniqueIdentifier>{019a74d1-b79e-4ad7-95dd-4b5ae35f0d08}</UniqueIdentifier>
    </Filter>
    <Filter Include="Header Files\PhysicsTests">
      <UniqueIdentifier>{ecd18116-ebd6-4933-a856-5f5e4bf25101}</UniqueIdentifier>
    </Filter>
    <Filter Include="Header Files\PhysicsTests\CollisionTests">
      <UniqueIdentifier>{46e03b57-139d-420b-b7d7-6d1975fb29ab}</UniqueIdentifier>
    </Filter>
    <Filter Include="Header Files\MathTests">
      <UniqueIdentifier>{ec556b3b-8a28-4371-81e2-2e5142dc7162}</UniqueIdentifier>
    </Filter>
    <Filter Include="Header Files\ResourcesTests">
      <UniqueIdentifier>{d7949f33-46d9-4466-a7fd-7b8417751a74}</UniqueIdentifier>
    </Filter>
    <Filter Include="Header Files\GraphicsTests">
      <UniqueIdentifier>{5d9a28d3-d5d9-429e-b7d6-179218bff8e1}</UniqueIdentifier>
    </Filter>
  </ItemGroup>
  <ItemGroup>
    <ClCompile Include="src\main.cpp">
      <Filter>Source Files</Filter>
    </ClCompile>
  </ItemGroup>
  <ItemGroup>
    <ClInclude Include="src\StatesTests\StateManagerTests.h">
      <Filter>Header Files\StatesTests</Filter>
    </ClInclude>
    <ClInclude Include="src\StatesTests\MockGameState.h">
      <Filter>Header Files\StatesTests</Filter>
    </ClInclude>
    <ClInclude Include="src\MapsTests\OverworldMapSpecificationTests.h">
      <Filter>Header Files\MapsTests</Filter>
    </ClInclude>
    <ClInclude Include="src\MapsTests\SurroundingMapLoaderTests.h">
      <Filter>Header Files\MapsTests</Filter>
    </ClInclude>
    <ClInclude Include="src\PhysicsTests\CollisionTests\CollisionSystemTests.h">
      <Filter>Header Files\PhysicsTests\CollisionTests</Filter>
    </ClInclude>
    <ClInclude Include="src\MathTests\FloatRectangleTests.h">
      <Filter>Header Files\MathTests</Filter>
    </ClInclude>
    <ClInclude Include="src\ResourcesTests\ResourceManagerTests.h">
      <Filter>Header Files\ResourcesTests</Filter>
    </ClInclude>
    <ClInclude Include="src\GraphicsTests\AnimatedSpriteTests.h">
      <Filter>Header Files\GraphicsTests</Filter>
    </ClInclude>
    <ClInclude Include="src\GraphicsTests\AnimationSequenceTests.h">
      <Filter>Header Files\GraphicsTests</Filter>
    </ClInclude>
    <ClInclude Include="src\GraphicsTests\CameraTests.h">
      <Filter>Header Files\GraphicsTests</Filter>
    </ClInclude>
  </ItemGroup>
</Project>